// !$*UTF8*$!
{
	archiveVersion = 1;
	classes = {
	};
	objectVersion = 56;
	objects = {

/* Begin PBXBuildFile section */
		3167226C5DD5E701F300062D /* Pods_Chapter9_1.framework in Frameworks */ = {isa = PBXBuildFile; fileRef = CCDB519818E7607911D6F789 /* Pods_Chapter9_1.framework */; };
		A13509C22C18AB990092225A /* CoronaTableViewCell.swift in Sources */ = {isa = PBXBuildFile; fileRef = A13509C02C18AB980092225A /* CoronaTableViewCell.swift */; };
		A13509C32C18AB990092225A /* CoronaTableViewCell.xib in Resources */ = {isa = PBXBuildFile; fileRef = A13509C12C18AB980092225A /* CoronaTableViewCell.xib */; };
		A1EBEDC82C18820100E8D623 /* AppDelegate.swift in Sources */ = {isa = PBXBuildFile; fileRef = A1EBEDC72C18820100E8D623 /* AppDelegate.swift */; };
		A1EBEDCA2C18820100E8D623 /* SceneDelegate.swift in Sources */ = {isa = PBXBuildFile; fileRef = A1EBEDC92C18820100E8D623 /* SceneDelegate.swift */; };
		A1EBEDCC2C18820100E8D623 /* ViewController.swift in Sources */ = {isa = PBXBuildFile; fileRef = A1EBEDCB2C18820100E8D623 /* ViewController.swift */; };
		A1EBEDCF2C18820100E8D623 /* Base in Resources */ = {isa = PBXBuildFile; fileRef = A1EBEDCE2C18820100E8D623 /* Base */; };
		A1EBEDD12C18820200E8D623 /* Assets.xcassets in Resources */ = {isa = PBXBuildFile; fileRef = A1EBEDD02C18820200E8D623 /* Assets.xcassets */; };
		A1EBEDD42C18820200E8D623 /* Base in Resources */ = {isa = PBXBuildFile; fileRef = A1EBEDD32C18820200E8D623 /* Base */; };
		A1EBEDDC2C188F9C00E8D623 /* Model.swift in Sources */ = {isa = PBXBuildFile; fileRef = A1EBEDDB2C188F9C00E8D623 /* Model.swift */; };
/* End PBXBuildFile section */

/* Begin PBXFileReference section */
		81DB6887F80DD03FF2E9C6CC /* Pods-Chapter9-1.debug.xcconfig */ = {isa = PBXFileReference; includeInIndex = 1; lastKnownFileType = text.xcconfig; name = "Pods-Chapter9-1.debug.xcconfig"; path = "Target Support Files/Pods-Chapter9-1/Pods-Chapter9-1.debug.xcconfig"; sourceTree = "<group>"; };
		A13509C02C18AB980092225A /* CoronaTableViewCell.swift */ = {isa = PBXFileReference; lastKnownFileType = sourcecode.swift; path = CoronaTableViewCell.swift; sourceTree = "<group>"; };
		A13509C12C18AB980092225A /* CoronaTableViewCell.xib */ = {isa = PBXFileReference; lastKnownFileType = file.xib; path = CoronaTableViewCell.xib; sourceTree = "<group>"; };
		A1EBEDC42C18820100E8D623 /* Chapter9-1.app */ = {isa = PBXFileReference; explicitFileType = wrapper.application; includeInIndex = 0; path = "Chapter9-1.app"; sourceTree = BUILT_PRODUCTS_DIR; };
		A1EBEDC72C18820100E8D623 /* AppDelegate.swift */ = {isa = PBXFileReference; lastKnownFileType = sourcecode.swift; path = AppDelegate.swift; sourceTree = "<group>"; };
		A1EBEDC92C18820100E8D623 /* SceneDelegate.swift */ = {isa = PBXFileReference; lastKnownFileType = sourcecode.swift; path = SceneDelegate.swift; sourceTree = "<group>"; };
		A1EBEDCB2C18820100E8D623 /* ViewController.swift */ = {isa = PBXFileReference; lastKnownFileType = sourcecode.swift; path = ViewController.swift; sourceTree = "<group>"; };
		A1EBEDCE2C18820100E8D623 /* Base */ = {isa = PBXFileReference; lastKnownFileType = file.storyboard; name = Base; path = Base.lproj/Main.storyboard; sourceTree = "<group>"; };
		A1EBEDD02C18820200E8D623 /* Assets.xcassets */ = {isa = PBXFileReference; lastKnownFileType = folder.assetcatalog; path = Assets.xcassets; sourceTree = "<group>"; };
		A1EBEDD32C18820200E8D623 /* Base */ = {isa = PBXFileReference; lastKnownFileType = file.storyboard; name = Base; path = Base.lproj/LaunchScreen.storyboard; sourceTree = "<group>"; };
		A1EBEDD52C18820200E8D623 /* Info.plist */ = {isa = PBXFileReference; lastKnownFileType = text.plist.xml; path = Info.plist; sourceTree = "<group>"; };
		A1EBEDDB2C188F9C00E8D623 /* Model.swift */ = {isa = PBXFileReference; lastKnownFileType = sourcecode.swift; path = Model.swift; sourceTree = "<group>"; };
		B7D0A492C61C0377DF9A2099 /* Pods-Chapter9-1.release.xcconfig */ = {isa = PBXFileReference; includeInIndex = 1; lastKnownFileType = text.xcconfig; name = "Pods-Chapter9-1.release.xcconfig"; path = "Target Support Files/Pods-Chapter9-1/Pods-Chapter9-1.release.xcconfig"; sourceTree = "<group>"; };
		CCDB519818E7607911D6F789 /* Pods_Chapter9_1.framework */ = {isa = PBXFileReference; explicitFileType = wrapper.framework; includeInIndex = 0; path = Pods_Chapter9_1.framework; sourceTree = BUILT_PRODUCTS_DIR; };
/* End PBXFileReference section */

/* Begin PBXFrameworksBuildPhase section */
		A1EBEDC12C18820100E8D623 /* Frameworks */ = {
			isa = PBXFrameworksBuildPhase;
			buildActionMask = 2147483647;
			files = (
				3167226C5DD5E701F300062D /* Pods_Chapter9_1.framework in Frameworks */,
			);
			runOnlyForDeploymentPostprocessing = 0;
		};
/* End PBXFrameworksBuildPhase section */

/* Begin PBXGroup section */
		3F025FF6C23569B93933124D /* Frameworks */ = {
			isa = PBXGroup;
			children = (
				CCDB519818E7607911D6F789 /* Pods_Chapter9_1.framework */,
			);
			name = Frameworks;
			sourceTree = "<group>";
		};
		A1EBEDBB2C18820100E8D623 = {
			isa = PBXGroup;
			children = (
				A1EBEDC62C18820100E8D623 /* Chapter9-1 */,
				A1EBEDC52C18820100E8D623 /* Products */,
				E65A885759CAE156B4BC0759 /* Pods */,
				3F025FF6C23569B93933124D /* Frameworks */,
			);
			sourceTree = "<group>";
		};
		A1EBEDC52C18820100E8D623 /* Products */ = {
			isa = PBXGroup;
			children = (
				A1EBEDC42C18820100E8D623 /* Chapter9-1.app */,
			);
			name = Products;
			sourceTree = "<group>";
		};
		A1EBEDC62C18820100E8D623 /* Chapter9-1 */ = {
			isa = PBXGroup;
			children = (
				A1EBEDC72C18820100E8D623 /* AppDelegate.swift */,
				A1EBEDC92C18820100E8D623 /* SceneDelegate.swift */,
				A1EBEDCB2C18820100E8D623 /* ViewController.swift */,
				A13509C02C18AB980092225A /* CoronaTableViewCell.swift */,
				A13509C12C18AB980092225A /* CoronaTableViewCell.xib */,
				A1EBEDDB2C188F9C00E8D623 /* Model.swift */,
				A1EBEDCD2C18820100E8D623 /* Main.storyboard */,
				A1EBEDD02C18820200E8D623 /* Assets.xcassets */,
				A1EBEDD22C18820200E8D623 /* LaunchScreen.storyboard */,
				A1EBEDD52C18820200E8D623 /* Info.plist */,
			);
			path = "Chapter9-1";
			sourceTree = "<group>";
		};
		E65A885759CAE156B4BC0759 /* Pods */ = {
			isa = PBXGroup;
			children = (
				81DB6887F80DD03FF2E9C6CC /* Pods-Chapter9-1.debug.xcconfig */,
				B7D0A492C61C0377DF9A2099 /* Pods-Chapter9-1.release.xcconfig */,
			);
			path = Pods;
			sourceTree = "<group>";
		};
/* End PBXGroup section */

/* Begin PBXNativeTarget section */
		A1EBEDC32C18820100E8D623 /* Chapter9-1 */ = {
			isa = PBXNativeTarget;
			buildConfigurationList = A1EBEDD82C18820200E8D623 /* Build configuration list for PBXNativeTarget "Chapter9-1" */;
			buildPhases = (
				B9FBC4B9D527E8B1C4261A81 /* [CP] Check Pods Manifest.lock */,
				A1EBEDC02C18820100E8D623 /* Sources */,
				A1EBEDC12C18820100E8D623 /* Frameworks */,
				A1EBEDC22C18820100E8D623 /* Resources */,
				0C2563E1FA2DC0E48FC0B0B6 /* [CP] Embed Pods Frameworks */,
			);
			buildRules = (
			);
			dependencies = (
			);
			name = "Chapter9-1";
			productName = "Chapter9-1";
			productReference = A1EBEDC42C18820100E8D623 /* Chapter9-1.app */;
			productType = "com.apple.product-type.application";
		};
/* End PBXNativeTarget section */

/* Begin PBXProject section */
		A1EBEDBC2C18820100E8D623 /* Project object */ = {
			isa = PBXProject;
			attributes = {
				BuildIndependentTargetsInParallel = 1;
				LastSwiftUpdateCheck = 1540;
				LastUpgradeCheck = 1540;
				TargetAttributes = {
					A1EBEDC32C18820100E8D623 = {
						CreatedOnToolsVersion = 15.4;
					};
				};
			};
			buildConfigurationList = A1EBEDBF2C18820100E8D623 /* Build configuration list for PBXProject "Chapter9-1" */;
			compatibilityVersion = "Xcode 14.0";
			developmentRegion = en;
			hasScannedForEncodings = 0;
			knownRegions = (
				en,
				Base,
			);
			mainGroup = A1EBEDBB2C18820100E8D623;
			productRefGroup = A1EBEDC52C18820100E8D623 /* Products */;
			projectDirPath = "";
			projectRoot = "";
			targets = (
				A1EBEDC32C18820100E8D623 /* Chapter9-1 */,
			);
		};
/* End PBXProject section */

/* Begin PBXResourcesBuildPhase section */
		A1EBEDC22C18820100E8D623 /* Resources */ = {
			isa = PBXResourcesBuildPhase;
			buildActionMask = 2147483647;
			files = (
				A1EBEDD12C18820200E8D623 /* Assets.xcassets in Resources */,
				A13509C32C18AB990092225A /* CoronaTableViewCell.xib in Resources */,
				A1EBEDD42C18820200E8D623 /* Base in Resources */,
				A1EBEDCF2C18820100E8D623 /* Base in Resources */,
			);
			runOnlyForDeploymentPostprocessing = 0;
		};
/* End PBXResourcesBuildPhase section */

/* Begin PBXShellScriptBuildPhase section */
		0C2563E1FA2DC0E48FC0B0B6 /* [CP] Embed Pods Frameworks */ = {
			isa = PBXShellScriptBuildPhase;
			buildActionMask = 2147483647;
			files = (
			);
			inputFileListPaths = (
				"${PODS_ROOT}/Target Support Files/Pods-Chapter9-1/Pods-Chapter9-1-frameworks-${CONFIGURATION}-input-files.xcfilelist",
			);
			name = "[CP] Embed Pods Frameworks";
			outputFileListPaths = (
				"${PODS_ROOT}/Target Support Files/Pods-Chapter9-1/Pods-Chapter9-1-frameworks-${CONFIGURATION}-output-files.xcfilelist",
			);
			runOnlyForDeploymentPostprocessing = 0;
			shellPath = /bin/sh;
			shellScript = "\"${PODS_ROOT}/Target Support Files/Pods-Chapter9-1/Pods-Chapter9-1-frameworks.sh\"\n";
			showEnvVarsInLog = 0;
		};
		B9FBC4B9D527E8B1C4261A81 /* [CP] Check Pods Manifest.lock */ = {
			isa = PBXShellScriptBuildPhase;
			buildActionMask = 2147483647;
			files = (
			);
			inputFileListPaths = (
			);
			inputPaths = (
				"${PODS_PODFILE_DIR_PATH}/Podfile.lock",
				"${PODS_ROOT}/Manifest.lock",
			);
			name = "[CP] Check Pods Manifest.lock";
			outputFileListPaths = (
			);
			outputPaths = (
				"$(DERIVED_FILE_DIR)/Pods-Chapter9-1-checkManifestLockResult.txt",
			);
			runOnlyForDeploymentPostprocessing = 0;
			shellPath = /bin/sh;
			shellScript = "diff \"${PODS_PODFILE_DIR_PATH}/Podfile.lock\" \"${PODS_ROOT}/Manifest.lock\" > /dev/null\nif [ $? != 0 ] ; then\n    # print error to STDERR\n    echo \"error: The sandbox is not in sync with the Podfile.lock. Run 'pod install' or update your CocoaPods installation.\" >&2\n    exit 1\nfi\n# This output is used by Xcode 'outputs' to avoid re-running this script phase.\necho \"SUCCESS\" > \"${SCRIPT_OUTPUT_FILE_0}\"\n";
			showEnvVarsInLog = 0;
		};
/* End PBXShellScriptBuildPhase section */

/* Begin PBXSourcesBuildPhase section */
		A1EBEDC02C18820100E8D623 /* Sources */ = {
			isa = PBXSourcesBuildPhase;
			buildActionMask = 2147483647;
			files = (
				A1EBEDCC2C18820100E8D623 /* ViewController.swift in Sources */,
				A1EBEDC82C18820100E8D623 /* AppDelegate.swift in Sources */,
				A13509C22C18AB990092225A /* CoronaTableViewCell.swift in Sources */,
				A1EBEDCA2C18820100E8D623 /* SceneDelegate.swift in Sources */,
				A1EBEDDC2C188F9C00E8D623 /* Model.swift in Sources */,
			);
			runOnlyForDeploymentPostprocessing = 0;
		};
/* End PBXSourcesBuildPhase section */

/* Begin PBXVariantGroup section */
		A1EBEDCD2C18820100E8D623 /* Main.storyboard */ = {
			isa = PBXVariantGroup;
			children = (
				A1EBEDCE2C18820100E8D623 /* Base */,
			);
			name = Main.storyboard;
			sourceTree = "<group>";
		};
		A1EBEDD22C18820200E8D623 /* LaunchScreen.storyboard */ = {
			isa = PBXVariantGroup;
			children = (
				A1EBEDD32C18820200E8D623 /* Base */,
			);
			name = LaunchScreen.storyboard;
			sourceTree = "<group>";
		};
/* End PBXVariantGroup section */

/* Begin XCBuildConfiguration section */
		A1EBEDD62C18820200E8D623 /* Debug */ = {
			isa = XCBuildConfiguration;
			buildSettings = {
				ALWAYS_SEARCH_USER_PATHS = NO;
				ASSETCATALOG_COMPILER_GENERATE_SWIFT_ASSET_SYMBOL_EXTENSIONS = YES;
				CLANG_ANALYZER_NONNULL = YES;
				CLANG_ANALYZER_NUMBER_OBJECT_CONVERSION = YES_AGGRESSIVE;
				CLANG_CXX_LANGUAGE_STANDARD = "gnu++20";
				CLANG_ENABLE_MODULES = YES;
				CLANG_ENABLE_OBJC_ARC = YES;
				CLANG_ENABLE_OBJC_WEAK = YES;
				CLANG_WARN_BLOCK_CAPTURE_AUTORELEASING = YES;
				CLANG_WARN_BOOL_CONVERSION = YES;
				CLANG_WARN_COMMA = YES;
				CLANG_WARN_CONSTANT_CONVERSION = YES;
				CLANG_WARN_DEPRECATED_OBJC_IMPLEMENTATIONS = YES;
				CLANG_WARN_DIRECT_OBJC_ISA_USAGE = YES_ERROR;
				CLANG_WARN_DOCUMENTATION_COMMENTS = YES;
				CLANG_WARN_EMPTY_BODY = YES;
				CLANG_WARN_ENUM_CONVERSION = YES;
				CLANG_WARN_INFINITE_RECURSION = YES;
				CLANG_WARN_INT_CONVERSION = YES;
				CLANG_WARN_NON_LITERAL_NULL_CONVERSION = YES;
				CLANG_WARN_OBJC_IMPLICIT_RETAIN_SELF = YES;
				CLANG_WARN_OBJC_LITERAL_CONVERSION = YES;
				CLANG_WARN_OBJC_ROOT_CLASS = YES_ERROR;
				CLANG_WARN_QUOTED_INCLUDE_IN_FRAMEWORK_HEADER = YES;
				CLANG_WARN_RANGE_LOOP_ANALYSIS = YES;
				CLANG_WARN_STRICT_PROTOTYPES = YES;
				CLANG_WARN_SUSPICIOUS_MOVE = YES;
				CLANG_WARN_UNGUARDED_AVAILABILITY = YES_AGGRESSIVE;
				CLANG_WARN_UNREACHABLE_CODE = YES;
				CLANG_WARN__DUPLICATE_METHOD_MATCH = YES;
				COPY_PHASE_STRIP = NO;
				DEBUG_INFORMATION_FORMAT = dwarf;
				ENABLE_STRICT_OBJC_MSGSEND = YES;
				ENABLE_TESTABILITY = YES;
				ENABLE_USER_SCRIPT_SANDBOXING = NO;
				GCC_C_LANGUAGE_STANDARD = gnu17;
				GCC_DYNAMIC_NO_PIC = NO;
				GCC_NO_COMMON_BLOCKS = YES;
				GCC_OPTIMIZATION_LEVEL = 0;
				GCC_PREPROCESSOR_DEFINITIONS = (
					"DEBUG=1",
					"$(inherited)",
				);
				GCC_WARN_64_TO_32_BIT_CONVERSION = YES;
				GCC_WARN_ABOUT_RETURN_TYPE = YES_ERROR;
				GCC_WARN_UNDECLARED_SELECTOR = YES;
				GCC_WARN_UNINITIALIZED_AUTOS = YES_AGGRESSIVE;
				GCC_WARN_UNUSED_FUNCTION = YES;
				GCC_WARN_UNUSED_VARIABLE = YES;
				IPHONEOS_DEPLOYMENT_TARGET = 17.5;
				LOCALIZATION_PREFERS_STRING_CATALOGS = YES;
				MTL_ENABLE_DEBUG_INFO = INCLUDE_SOURCE;
				MTL_FAST_MATH = YES;
				ONLY_ACTIVE_ARCH = YES;
				SDKROOT = iphoneos;
				SWIFT_ACTIVE_COMPILATION_CONDITIONS = "DEBUG $(inherited)";
				SWIFT_OPTIMIZATION_LEVEL = "-Onone";
			};
			name = Debug;
		};
		A1EBEDD72C18820200E8D623 /* Release */ = {
			isa = XCBuildConfiguration;
			buildSettings = {
				ALWAYS_SEARCH_USER_PATHS = NO;
				ASSETCATALOG_COMPILER_GENERATE_SWIFT_ASSET_SYMBOL_EXTENSIONS = YES;
				CLANG_ANALYZER_NONNULL = YES;
				CLANG_ANALYZER_NUMBER_OBJECT_CONVERSION = YES_AGGRESSIVE;
				CLANG_CXX_LANGUAGE_STANDARD = "gnu++20";
				CLANG_ENABLE_MODULES = YES;
				CLANG_ENABLE_OBJC_ARC = YES;
				CLANG_ENABLE_OBJC_WEAK = YES;
				CLANG_WARN_BLOCK_CAPTURE_AUTORELEASING = YES;
				CLANG_WARN_BOOL_CONVERSION = YES;
				CLANG_WARN_COMMA = YES;
				CLANG_WARN_CONSTANT_CONVERSION = YES;
				CLANG_WARN_DEPRECATED_OBJC_IMPLEMENTATIONS = YES;
				CLANG_WARN_DIRECT_OBJC_ISA_USAGE = YES_ERROR;
				CLANG_WARN_DOCUMENTATION_COMMENTS = YES;
				CLANG_WARN_EMPTY_BODY = YES;
				CLANG_WARN_ENUM_CONVERSION = YES;
				CLANG_WARN_INFINITE_RECURSION = YES;
				CLANG_WARN_INT_CONVERSION = YES;
				CLANG_WARN_NON_LITERAL_NULL_CONVERSION = YES;
				CLANG_WARN_OBJC_IMPLICIT_RETAIN_SELF = YES;
				CLANG_WARN_OBJC_LITERAL_CONVERSION = YES;
				CLANG_WARN_OBJC_ROOT_CLASS = YES_ERROR;
				CLANG_WARN_QUOTED_INCLUDE_IN_FRAMEWORK_HEADER = YES;
				CLANG_WARN_RANGE_LOOP_ANALYSIS = YES;
				CLANG_WARN_STRICT_PROTOTYPES = YES;
				CLANG_WARN_SUSPICIOUS_MOVE = YES;
				CLANG_WARN_UNGUARDED_AVAILABILITY = YES_AGGRESSIVE;
				CLANG_WARN_UNREACHABLE_CODE = YES;
				CLANG_WARN__DUPLICATE_METHOD_MATCH = YES;
				COPY_PHASE_STRIP = NO;
				DEBUG_INFORMATION_FORMAT = "dwarf-with-dsym";
				ENABLE_NS_ASSERTIONS = NO;
				ENABLE_STRICT_OBJC_MSGSEND = YES;
				ENABLE_USER_SCRIPT_SANDBOXING = NO;
				GCC_C_LANGUAGE_STANDARD = gnu17;
				GCC_NO_COMMON_BLOCKS = YES;
				GCC_WARN_64_TO_32_BIT_CONVERSION = YES;
				GCC_WARN_ABOUT_RETURN_TYPE = YES_ERROR;
				GCC_WARN_UNDECLARED_SELECTOR = YES;
				GCC_WARN_UNINITIALIZED_AUTOS = YES_AGGRESSIVE;
				GCC_WARN_UNUSED_FUNCTION = YES;
				GCC_WARN_UNUSED_VARIABLE = YES;
				IPHONEOS_DEPLOYMENT_TARGET = 17.5;
				LOCALIZATION_PREFERS_STRING_CATALOGS = YES;
				MTL_ENABLE_DEBUG_INFO = NO;
				MTL_FAST_MATH = YES;
				SDKROOT = iphoneos;
				SWIFT_COMPILATION_MODE = wholemodule;
				VALIDATE_PRODUCT = YES;
			};
			name = Release;
		};
		A1EBEDD92C18820200E8D623 /* Debug */ = {
			isa = XCBuildConfiguration;
			baseConfigurationReference = 81DB6887F80DD03FF2E9C6CC /* Pods-Chapter9-1.debug.xcconfig */;
			buildSettings = {
				ASSETCATALOG_COMPILER_APPICON_NAME = AppIcon;
				ASSETCATALOG_COMPILER_GLOBAL_ACCENT_COLOR_NAME = AccentColor;
				CODE_SIGN_STYLE = Automatic;
				CURRENT_PROJECT_VERSION = 1;
				DEVELOPMENT_TEAM = 8FKM9FB4PH;
				GENERATE_INFOPLIST_FILE = YES;
				INFOPLIST_FILE = "Chapter9-1/Info.plist";
				INFOPLIST_KEY_UIApplicationSupportsIndirectInputEvents = YES;
				INFOPLIST_KEY_UILaunchStoryboardName = LaunchScreen;
				INFOPLIST_KEY_UIMainStoryboardFile = Main;
				INFOPLIST_KEY_UISupportedInterfaceOrientations_iPad = "UIInterfaceOrientationPortrait UIInterfaceOrientationPortraitUpsideDown UIInterfaceOrientationLandscapeLeft UIInterfaceOrientationLandscapeRight";
				INFOPLIST_KEY_UISupportedInterfaceOrientations_iPhone = "UIInterfaceOrientationPortrait UIInterfaceOrientationLandscapeLeft UIInterfaceOrientationLandscapeRight";
				LD_RUNPATH_SEARCH_PATHS = (
					"$(inherited)",
					"@executable_path/Frameworks",
				);
				MARKETING_VERSION = 1.0;
				PRODUCT_BUNDLE_IDENTIFIER = "UMC.Chapter9-1";
				PRODUCT_NAME = "$(TARGET_NAME)";
				SWIFT_EMIT_LOC_STRINGS = YES;
				SWIFT_VERSION = 5.0;
				TARGETED_DEVICE_FAMILY = "1,2";
			};
			name = Debug;
		};
		A1EBEDDA2C18820200E8D623 /* Release */ = {
			isa = XCBuildConfiguration;
			baseConfigurationReference = B7D0A492C61C0377DF9A2099 /* Pods-Chapter9-1.release.xcconfig */;
			buildSettings = {
				ASSETCATALOG_COMPILER_APPICON_NAME = AppIcon;
				ASSETCATALOG_COMPILER_GLOBAL_ACCENT_COLOR_NAME = AccentColor;
				CODE_SIGN_STYLE = Automatic;
				CURRENT_PROJECT_VERSION = 1;
				DEVELOPMENT_TEAM = 8FKM9FB4PH;
				GENERATE_INFOPLIST_FILE = YES;
				INFOPLIST_FILE = "Chapter9-1/Info.plist";
				INFOPLIST_KEY_UIApplicationSupportsIndirectInputEvents = YES;
				INFOPLIST_KEY_UILaunchStoryboardName = LaunchScreen;
				INFOPLIST_KEY_UIMainStoryboardFile = Main;
				INFOPLIST_KEY_UISupportedInterfaceOrientations_iPad = "UIInterfaceOrientationPortrait UIInterfaceOrientationPortraitUpsideDown UIInterfaceOrientationLandscapeLeft UIInterfaceOrientationLandscapeRight";
				INFOPLIST_KEY_UISupportedInterfaceOrientations_iPhone = "UIInterfaceOrientationPortrait UIInterfaceOrientationLandscapeLeft UIInterfaceOrientationLandscapeRight";
				LD_RUNPATH_SEARCH_PATHS = (
					"$(inherited)",
					"@executable_path/Frameworks",
				);
				MARKETING_VERSION = 1.0;
				PRODUCT_BUNDLE_IDENTIFIER = "UMC.Chapter9-1";
				PRODUCT_NAME = "$(TARGET_NAME)";
				SWIFT_EMIT_LOC_STRINGS = YES;
				SWIFT_VERSION = 5.0;
				TARGETED_DEVICE_FAMILY = "1,2";
			};
			name = Release;
		};
/* End XCBuildConfiguration section */

/* Begin XCConfigurationList section */
		A1EBEDBF2C18820100E8D623 /* Build configuration list for PBXProject "Chapter9-1" */ = {
			isa = XCConfigurationList;
			buildConfigurations = (
				A1EBEDD62C18820200E8D623 /* Debug */,
				A1EBEDD72C18820200E8D623 /* Release */,
			);
			defaultConfigurationIsVisible = 0;
			defaultConfigurationName = Release;
		};
		A1EBEDD82C18820200E8D623 /* Build configuration list for PBXNativeTarget "Chapter9-1" */ = {
			isa = XCConfigurationList;
			buildConfigurations = (
				A1EBEDD92C18820200E8D623 /* Debug */,
				A1EBEDDA2C18820200E8D623 /* Release */,
			);
			defaultConfigurationIsVisible = 0;
			defaultConfigurationName = Release;
		};
/* End XCConfigurationList section */
	};
	rootObject = A1EBEDBC2C18820100E8D623 /* Project object */;
}
