// !$*UTF8*$!
{
	archiveVersion = 1;
	classes = {
	};
	objectVersion = 56;
	objects = {

/* Begin PBXBuildFile section */
		742BC34B2BC8EE0C00AD128B /* AppDelegate.swift in Sources */ = {isa = PBXBuildFile; fileRef = 742BC34A2BC8EE0C00AD128B /* AppDelegate.swift */; };
		742BC34D2BC8EE0C00AD128B /* SceneDelegate.swift in Sources */ = {isa = PBXBuildFile; fileRef = 742BC34C2BC8EE0C00AD128B /* SceneDelegate.swift */; };
		742BC34F2BC8EE0C00AD128B /* ViewController.swift in Sources */ = {isa = PBXBuildFile; fileRef = 742BC34E2BC8EE0C00AD128B /* ViewController.swift */; };
		742BC3522BC8EE0C00AD128B /* Base in Resources */ = {isa = PBXBuildFile; fileRef = 742BC3512BC8EE0C00AD128B /* Base */; };
		742BC3542BC8EE0E00AD128B /* Assets.xcassets in Resources */ = {isa = PBXBuildFile; fileRef = 742BC3532BC8EE0E00AD128B /* Assets.xcassets */; };
		742BC3572BC8EE0E00AD128B /* Base in Resources */ = {isa = PBXBuildFile; fileRef = 742BC3562BC8EE0E00AD128B /* Base */; };
		742BC3622BC8EE0E00AD128B /* UMC_Week2Tests.swift in Sources */ = {isa = PBXBuildFile; fileRef = 742BC3612BC8EE0E00AD128B /* UMC_Week2Tests.swift */; };
		742BC36C2BC8EE0E00AD128B /* UMC_Week2UITests.swift in Sources */ = {isa = PBXBuildFile; fileRef = 742BC36B2BC8EE0E00AD128B /* UMC_Week2UITests.swift */; };
		742BC36E2BC8EE0E00AD128B /* UMC_Week2UITestsLaunchTests.swift in Sources */ = {isa = PBXBuildFile; fileRef = 742BC36D2BC8EE0E00AD128B /* UMC_Week2UITestsLaunchTests.swift */; };
/* End PBXBuildFile section */

/* Begin PBXContainerItemProxy section */
		742BC35E2BC8EE0E00AD128B /* PBXContainerItemProxy */ = {
			isa = PBXContainerItemProxy;
			containerPortal = 742BC33F2BC8EE0C00AD128B /* Project object */;
			proxyType = 1;
			remoteGlobalIDString = 742BC3462BC8EE0C00AD128B;
			remoteInfo = UMC_Week2;
		};
		742BC3682BC8EE0E00AD128B /* PBXContainerItemProxy */ = {
			isa = PBXContainerItemProxy;
			containerPortal = 742BC33F2BC8EE0C00AD128B /* Project object */;
			proxyType = 1;
			remoteGlobalIDString = 742BC3462BC8EE0C00AD128B;
			remoteInfo = UMC_Week2;
		};
/* End PBXContainerItemProxy section */

/* Begin PBXFileReference section */
		742BC3472BC8EE0C00AD128B /* UMC_Week2.app */ = {isa = PBXFileReference; explicitFileType = wrapper.application; includeInIndex = 0; path = UMC_Week2.app; sourceTree = BUILT_PRODUCTS_DIR; };
		742BC34A2BC8EE0C00AD128B /* AppDelegate.swift */ = {isa = PBXFileReference; lastKnownFileType = sourcecode.swift; path = AppDelegate.swift; sourceTree = "<group>"; };
		742BC34C2BC8EE0C00AD128B /* SceneDelegate.swift */ = {isa = PBXFileReference; lastKnownFileType = sourcecode.swift; path = SceneDelegate.swift; sourceTree = "<group>"; };
		742BC34E2BC8EE0C00AD128B /* ViewController.swift */ = {isa = PBXFileReference; lastKnownFileType = sourcecode.swift; path = ViewController.swift; sourceTree = "<group>"; };
		742BC3512BC8EE0C00AD128B /* Base */ = {isa = PBXFileReference; lastKnownFileType = file.storyboard; name = Base; path = Base.lproj/Main.storyboard; sourceTree = "<group>"; };
		742BC3532BC8EE0E00AD128B /* Assets.xcassets */ = {isa = PBXFileReference; lastKnownFileType = folder.assetcatalog; path = Assets.xcassets; sourceTree = "<group>"; };
		742BC3562BC8EE0E00AD128B /* Base */ = {isa = PBXFileReference; lastKnownFileType = file.storyboard; name = Base; path = Base.lproj/LaunchScreen.storyboard; sourceTree = "<group>"; };
		742BC3582BC8EE0E00AD128B /* Info.plist */ = {isa = PBXFileReference; lastKnownFileType = text.plist.xml; path = Info.plist; sourceTree = "<group>"; };
		742BC35D2BC8EE0E00AD128B /* UMC_Week2Tests.xctest */ = {isa = PBXFileReference; explicitFileType = wrapper.cfbundle; includeInIndex = 0; path = UMC_Week2Tests.xctest; sourceTree = BUILT_PRODUCTS_DIR; };
		742BC3612BC8EE0E00AD128B /* UMC_Week2Tests.swift */ = {isa = PBXFileReference; lastKnownFileType = sourcecode.swift; path = UMC_Week2Tests.swift; sourceTree = "<group>"; };
		742BC3672BC8EE0E00AD128B /* UMC_Week2UITests.xctest */ = {isa = PBXFileReference; explicitFileType = wrapper.cfbundle; includeInIndex = 0; path = UMC_Week2UITests.xctest; sourceTree = BUILT_PRODUCTS_DIR; };
		742BC36B2BC8EE0E00AD128B /* UMC_Week2UITests.swift */ = {isa = PBXFileReference; lastKnownFileType = sourcecode.swift; path = UMC_Week2UITests.swift; sourceTree = "<group>"; };
		742BC36D2BC8EE0E00AD128B /* UMC_Week2UITestsLaunchTests.swift */ = {isa = PBXFileReference; lastKnownFileType = sourcecode.swift; path = UMC_Week2UITestsLaunchTests.swift; sourceTree = "<group>"; };
/* End PBXFileReference section */

/* Begin PBXFrameworksBuildPhase section */
		742BC3442BC8EE0C00AD128B /* Frameworks */ = {
			isa = PBXFrameworksBuildPhase;
			buildActionMask = 2147483647;
			files = (
			);
			runOnlyForDeploymentPostprocessing = 0;
		};
		742BC35A2BC8EE0E00AD128B /* Frameworks */ = {
			isa = PBXFrameworksBuildPhase;
			buildActionMask = 2147483647;
			files = (
			);
			runOnlyForDeploymentPostprocessing = 0;
		};
		742BC3642BC8EE0E00AD128B /* Frameworks */ = {
			isa = PBXFrameworksBuildPhase;
			buildActionMask = 2147483647;
			files = (
			);
			runOnlyForDeploymentPostprocessing = 0;
		};
/* End PBXFrameworksBuildPhase section */

/* Begin PBXGroup section */
		742BC33E2BC8EE0C00AD128B = {
			isa = PBXGroup;
			children = (
				742BC3492BC8EE0C00AD128B /* UMC_Week2 */,
				742BC3602BC8EE0E00AD128B /* UMC_Week2Tests */,
				742BC36A2BC8EE0E00AD128B /* UMC_Week2UITests */,
				742BC3482BC8EE0C00AD128B /* Products */,
			);
			sourceTree = "<group>";
		};
		742BC3482BC8EE0C00AD128B /* Products */ = {
			isa = PBXGroup;
			children = (
				742BC3472BC8EE0C00AD128B /* UMC_Week2.app */,
				742BC35D2BC8EE0E00AD128B /* UMC_Week2Tests.xctest */,
				742BC3672BC8EE0E00AD128B /* UMC_Week2UITests.xctest */,
			);
			name = Products;
			sourceTree = "<group>";
		};
		742BC3492BC8EE0C00AD128B /* UMC_Week2 */ = {
			isa = PBXGroup;
			children = (
				742BC34A2BC8EE0C00AD128B /* AppDelegate.swift */,
				742BC34C2BC8EE0C00AD128B /* SceneDelegate.swift */,
				742BC34E2BC8EE0C00AD128B /* ViewController.swift */,
				742BC3502BC8EE0C00AD128B /* Main.storyboard */,
				742BC3532BC8EE0E00AD128B /* Assets.xcassets */,
				742BC3552BC8EE0E00AD128B /* LaunchScreen.storyboard */,
				742BC3582BC8EE0E00AD128B /* Info.plist */,
			);
			path = UMC_Week2;
			sourceTree = "<group>";
		};
		742BC3602BC8EE0E00AD128B /* UMC_Week2Tests */ = {
			isa = PBXGroup;
			children = (
				742BC3612BC8EE0E00AD128B /* UMC_Week2Tests.swift */,
			);
			path = UMC_Week2Tests;
			sourceTree = "<group>";
		};
		742BC36A2BC8EE0E00AD128B /* UMC_Week2UITests */ = {
			isa = PBXGroup;
			children = (
				742BC36B2BC8EE0E00AD128B /* UMC_Week2UITests.swift */,
				742BC36D2BC8EE0E00AD128B /* UMC_Week2UITestsLaunchTests.swift */,
			);
			path = UMC_Week2UITests;
			sourceTree = "<group>";
		};
/* End PBXGroup section */

/* Begin PBXNativeTarget section */
		742BC3462BC8EE0C00AD128B /* UMC_Week2 */ = {
			isa = PBXNativeTarget;
			buildConfigurationList = 742BC3712BC8EE0E00AD128B /* Build configuration list for PBXNativeTarget "UMC_Week2" */;
			buildPhases = (
				742BC3432BC8EE0C00AD128B /* Sources */,
				742BC3442BC8EE0C00AD128B /* Frameworks */,
				742BC3452BC8EE0C00AD128B /* Resources */,
			);
			buildRules = (
			);
			dependencies = (
			);
			name = UMC_Week2;
			productName = UMC_Week2;
			productReference = 742BC3472BC8EE0C00AD128B /* UMC_Week2.app */;
			productType = "com.apple.product-type.application";
		};
		742BC35C2BC8EE0E00AD128B /* UMC_Week2Tests */ = {
			isa = PBXNativeTarget;
			buildConfigurationList = 742BC3742BC8EE0E00AD128B /* Build configuration list for PBXNativeTarget "UMC_Week2Tests" */;
			buildPhases = (
				742BC3592BC8EE0E00AD128B /* Sources */,
				742BC35A2BC8EE0E00AD128B /* Frameworks */,
				742BC35B2BC8EE0E00AD128B /* Resources */,
			);
			buildRules = (
			);
			dependencies = (
				742BC35F2BC8EE0E00AD128B /* PBXTargetDependency */,
			);
			name = UMC_Week2Tests;
			productName = UMC_Week2Tests;
			productReference = 742BC35D2BC8EE0E00AD128B /* UMC_Week2Tests.xctest */;
			productType = "com.apple.product-type.bundle.unit-test";
		};
		742BC3662BC8EE0E00AD128B /* UMC_Week2UITests */ = {
			isa = PBXNativeTarget;
			buildConfigurationList = 742BC3772BC8EE0E00AD128B /* Build configuration list for PBXNativeTarget "UMC_Week2UITests" */;
			buildPhases = (
				742BC3632BC8EE0E00AD128B /* Sources */,
				742BC3642BC8EE0E00AD128B /* Frameworks */,
				742BC3652BC8EE0E00AD128B /* Resources */,
			);
			buildRules = (
			);
			dependencies = (
				742BC3692BC8EE0E00AD128B /* PBXTargetDependency */,
			);
			name = UMC_Week2UITests;
			productName = UMC_Week2UITests;
			productReference = 742BC3672BC8EE0E00AD128B /* UMC_Week2UITests.xctest */;
			productType = "com.apple.product-type.bundle.ui-testing";
		};
/* End PBXNativeTarget section */

/* Begin PBXProject section */
		742BC33F2BC8EE0C00AD128B /* Project object */ = {
			isa = PBXProject;
			attributes = {
				BuildIndependentTargetsInParallel = 1;
				LastSwiftUpdateCheck = 1530;
				LastUpgradeCheck = 1530;
				TargetAttributes = {
					742BC3462BC8EE0C00AD128B = {
						CreatedOnToolsVersion = 15.3;
					};
					742BC35C2BC8EE0E00AD128B = {
						CreatedOnToolsVersion = 15.3;
						TestTargetID = 742BC3462BC8EE0C00AD128B;
					};
					742BC3662BC8EE0E00AD128B = {
						CreatedOnToolsVersion = 15.3;
						TestTargetID = 742BC3462BC8EE0C00AD128B;
					};
				};
			};
			buildConfigurationList = 742BC3422BC8EE0C00AD128B /* Build configuration list for PBXProject "UMC_Week2" */;
			compatibilityVersion = "Xcode 14.0";
			developmentRegion = en;
			hasScannedForEncodings = 0;
			knownRegions = (
				en,
				Base,
			);
			mainGroup = 742BC33E2BC8EE0C00AD128B;
			productRefGroup = 742BC3482BC8EE0C00AD128B /* Products */;
			projectDirPath = "";
			projectRoot = "";
			targets = (
				742BC3462BC8EE0C00AD128B /* UMC_Week2 */,
				742BC35C2BC8EE0E00AD128B /* UMC_Week2Tests */,
				742BC3662BC8EE0E00AD128B /* UMC_Week2UITests */,
			);
		};
/* End PBXProject section */

/* Begin PBXResourcesBuildPhase section */
		742BC3452BC8EE0C00AD128B /* Resources */ = {
			isa = PBXResourcesBuildPhase;
			buildActionMask = 2147483647;
			files = (
				742BC3542BC8EE0E00AD128B /* Assets.xcassets in Resources */,
				742BC3572BC8EE0E00AD128B /* Base in Resources */,
				742BC3522BC8EE0C00AD128B /* Base in Resources */,
			);
			runOnlyForDeploymentPostprocessing = 0;
		};
		742BC35B2BC8EE0E00AD128B /* Resources */ = {
			isa = PBXResourcesBuildPhase;
			buildActionMask = 2147483647;
			files = (
			);
			runOnlyForDeploymentPostprocessing = 0;
		};
		742BC3652BC8EE0E00AD128B /* Resources */ = {
			isa = PBXResourcesBuildPhase;
			buildActionMask = 2147483647;
			files = (
			);
			runOnlyForDeploymentPostprocessing = 0;
		};
/* End PBXResourcesBuildPhase section */

/* Begin PBXSourcesBuildPhase section */
		742BC3432BC8EE0C00AD128B /* Sources */ = {
			isa = PBXSourcesBuildPhase;
			buildActionMask = 2147483647;
			files = (
				742BC34F2BC8EE0C00AD128B /* ViewController.swift in Sources */,
				742BC34B2BC8EE0C00AD128B /* AppDelegate.swift in Sources */,
				742BC34D2BC8EE0C00AD128B /* SceneDelegate.swift in Sources */,
			);
			runOnlyForDeploymentPostprocessing = 0;
		};
		742BC3592BC8EE0E00AD128B /* Sources */ = {
			isa = PBXSourcesBuildPhase;
			buildActionMask = 2147483647;
			files = (
				742BC3622BC8EE0E00AD128B /* UMC_Week2Tests.swift in Sources */,
			);
			runOnlyForDeploymentPostprocessing = 0;
		};
		742BC3632BC8EE0E00AD128B /* Sources */ = {
			isa = PBXSourcesBuildPhase;
			buildActionMask = 2147483647;
			files = (
				742BC36C2BC8EE0E00AD128B /* UMC_Week2UITests.swift in Sources */,
				742BC36E2BC8EE0E00AD128B /* UMC_Week2UITestsLaunchTests.swift in Sources */,
			);
			runOnlyForDeploymentPostprocessing = 0;
		};
/* End PBXSourcesBuildPhase section */

/* Begin PBXTargetDependency section */
		742BC35F2BC8EE0E00AD128B /* PBXTargetDependency */ = {
			isa = PBXTargetDependency;
			target = 742BC3462BC8EE0C00AD128B /* UMC_Week2 */;
			targetProxy = 742BC35E2BC8EE0E00AD128B /* PBXContainerItemProxy */;
		};
		742BC3692BC8EE0E00AD128B /* PBXTargetDependency */ = {
			isa = PBXTargetDependency;
			target = 742BC3462BC8EE0C00AD128B /* UMC_Week2 */;
			targetProxy = 742BC3682BC8EE0E00AD128B /* PBXContainerItemProxy */;
		};
/* End PBXTargetDependency section */

/* Begin PBXVariantGroup section */
		742BC3502BC8EE0C00AD128B /* Main.storyboard */ = {
			isa = PBXVariantGroup;
			children = (
				742BC3512BC8EE0C00AD128B /* Base */,
			);
			name = Main.storyboard;
			sourceTree = "<group>";
		};
		742BC3552BC8EE0E00AD128B /* LaunchScreen.storyboard */ = {
			isa = PBXVariantGroup;
			children = (
				742BC3562BC8EE0E00AD128B /* Base */,
			);
			name = LaunchScreen.storyboard;
			sourceTree = "<group>";
		};
/* End PBXVariantGroup section */

/* Begin XCBuildConfiguration section */
		742BC36F2BC8EE0E00AD128B /* Debug */ = {
			isa = XCBuildConfiguration;
			buildSettings = {
				ALWAYS_SEARCH_USER_PATHS = NO;
				ASSETCATALOG_COMPILER_GENERATE_SWIFT_ASSET_SYMBOL_EXTENSIONS = YES;
				CLANG_ANALYZER_NONNULL = YES;
				CLANG_ANALYZER_NUMBER_OBJECT_CONVERSION = YES_AGGRESSIVE;
				CLANG_CXX_LANGUAGE_STANDARD = "gnu++20";
				CLANG_ENABLE_MODULES = YES;
				CLANG_ENABLE_OBJC_ARC = YES;
				CLANG_ENABLE_OBJC_WEAK = YES;
				CLANG_WARN_BLOCK_CAPTURE_AUTORELEASING = YES;
				CLANG_WARN_BOOL_CONVERSION = YES;
				CLANG_WARN_COMMA = YES;
				CLANG_WARN_CONSTANT_CONVERSION = YES;
				CLANG_WARN_DEPRECATED_OBJC_IMPLEMENTATIONS = YES;
				CLANG_WARN_DIRECT_OBJC_ISA_USAGE = YES_ERROR;
				CLANG_WARN_DOCUMENTATION_COMMENTS = YES;
				CLANG_WARN_EMPTY_BODY = YES;
				CLANG_WARN_ENUM_CONVERSION = YES;
				CLANG_WARN_INFINITE_RECURSION = YES;
				CLANG_WARN_INT_CONVERSION = YES;
				CLANG_WARN_NON_LITERAL_NULL_CONVERSION = YES;
				CLANG_WARN_OBJC_IMPLICIT_RETAIN_SELF = YES;
				CLANG_WARN_OBJC_LITERAL_CONVERSION = YES;
				CLANG_WARN_OBJC_ROOT_CLASS = YES_ERROR;
				CLANG_WARN_QUOTED_INCLUDE_IN_FRAMEWORK_HEADER = YES;
				CLANG_WARN_RANGE_LOOP_ANALYSIS = YES;
				CLANG_WARN_STRICT_PROTOTYPES = YES;
				CLANG_WARN_SUSPICIOUS_MOVE = YES;
				CLANG_WARN_UNGUARDED_AVAILABILITY = YES_AGGRESSIVE;
				CLANG_WARN_UNREACHABLE_CODE = YES;
				CLANG_WARN__DUPLICATE_METHOD_MATCH = YES;
				COPY_PHASE_STRIP = NO;
				DEBUG_INFORMATION_FORMAT = dwarf;
				ENABLE_STRICT_OBJC_MSGSEND = YES;
				ENABLE_TESTABILITY = YES;
				ENABLE_USER_SCRIPT_SANDBOXING = YES;
				GCC_C_LANGUAGE_STANDARD = gnu17;
				GCC_DYNAMIC_NO_PIC = NO;
				GCC_NO_COMMON_BLOCKS = YES;
				GCC_OPTIMIZATION_LEVEL = 0;
				GCC_PREPROCESSOR_DEFINITIONS = (
					"DEBUG=1",
					"$(inherited)",
				);
				GCC_WARN_64_TO_32_BIT_CONVERSION = YES;
				GCC_WARN_ABOUT_RETURN_TYPE = YES_ERROR;
				GCC_WARN_UNDECLARED_SELECTOR = YES;
				GCC_WARN_UNINITIALIZED_AUTOS = YES_AGGRESSIVE;
				GCC_WARN_UNUSED_FUNCTION = YES;
				GCC_WARN_UNUSED_VARIABLE = YES;
				IPHONEOS_DEPLOYMENT_TARGET = 17.4;
				LOCALIZATION_PREFERS_STRING_CATALOGS = YES;
				MTL_ENABLE_DEBUG_INFO = INCLUDE_SOURCE;
				MTL_FAST_MATH = YES;
				ONLY_ACTIVE_ARCH = YES;
				SDKROOT = iphoneos;
				SWIFT_ACTIVE_COMPILATION_CONDITIONS = "DEBUG $(inherited)";
				SWIFT_OPTIMIZATION_LEVEL = "-Onone";
			};
			name = Debug;
		};
		742BC3702BC8EE0E00AD128B /* Release */ = {
			isa = XCBuildConfiguration;
			buildSettings = {
				ALWAYS_SEARCH_USER_PATHS = NO;
				ASSETCATALOG_COMPILER_GENERATE_SWIFT_ASSET_SYMBOL_EXTENSIONS = YES;
				CLANG_ANALYZER_NONNULL = YES;
				CLANG_ANALYZER_NUMBER_OBJECT_CONVERSION = YES_AGGRESSIVE;
				CLANG_CXX_LANGUAGE_STANDARD = "gnu++20";
				CLANG_ENABLE_MODULES = YES;
				CLANG_ENABLE_OBJC_ARC = YES;
				CLANG_ENABLE_OBJC_WEAK = YES;
				CLANG_WARN_BLOCK_CAPTURE_AUTORELEASING = YES;
				CLANG_WARN_BOOL_CONVERSION = YES;
				CLANG_WARN_COMMA = YES;
				CLANG_WARN_CONSTANT_CONVERSION = YES;
				CLANG_WARN_DEPRECATED_OBJC_IMPLEMENTATIONS = YES;
				CLANG_WARN_DIRECT_OBJC_ISA_USAGE = YES_ERROR;
				CLANG_WARN_DOCUMENTATION_COMMENTS = YES;
				CLANG_WARN_EMPTY_BODY = YES;
				CLANG_WARN_ENUM_CONVERSION = YES;
				CLANG_WARN_INFINITE_RECURSION = YES;
				CLANG_WARN_INT_CONVERSION = YES;
				CLANG_WARN_NON_LITERAL_NULL_CONVERSION = YES;
				CLANG_WARN_OBJC_IMPLICIT_RETAIN_SELF = YES;
				CLANG_WARN_OBJC_LITERAL_CONVERSION = YES;
				CLANG_WARN_OBJC_ROOT_CLASS = YES_ERROR;
				CLANG_WARN_QUOTED_INCLUDE_IN_FRAMEWORK_HEADER = YES;
				CLANG_WARN_RANGE_LOOP_ANALYSIS = YES;
				CLANG_WARN_STRICT_PROTOTYPES = YES;
				CLANG_WARN_SUSPICIOUS_MOVE = YES;
				CLANG_WARN_UNGUARDED_AVAILABILITY = YES_AGGRESSIVE;
				CLANG_WARN_UNREACHABLE_CODE = YES;
				CLANG_WARN__DUPLICATE_METHOD_MATCH = YES;
				COPY_PHASE_STRIP = NO;
				DEBUG_INFORMATION_FORMAT = "dwarf-with-dsym";
				ENABLE_NS_ASSERTIONS = NO;
				ENABLE_STRICT_OBJC_MSGSEND = YES;
				ENABLE_USER_SCRIPT_SANDBOXING = YES;
				GCC_C_LANGUAGE_STANDARD = gnu17;
				GCC_NO_COMMON_BLOCKS = YES;
				GCC_WARN_64_TO_32_BIT_CONVERSION = YES;
				GCC_WARN_ABOUT_RETURN_TYPE = YES_ERROR;
				GCC_WARN_UNDECLARED_SELECTOR = YES;
				GCC_WARN_UNINITIALIZED_AUTOS = YES_AGGRESSIVE;
				GCC_WARN_UNUSED_FUNCTION = YES;
				GCC_WARN_UNUSED_VARIABLE = YES;
				IPHONEOS_DEPLOYMENT_TARGET = 17.4;
				LOCALIZATION_PREFERS_STRING_CATALOGS = YES;
				MTL_ENABLE_DEBUG_INFO = NO;
				MTL_FAST_MATH = YES;
				SDKROOT = iphoneos;
				SWIFT_COMPILATION_MODE = wholemodule;
				VALIDATE_PRODUCT = YES;
			};
			name = Release;
		};
		742BC3722BC8EE0E00AD128B /* Debug */ = {
			isa = XCBuildConfiguration;
			buildSettings = {
				ASSETCATALOG_COMPILER_APPICON_NAME = AppIcon;
				ASSETCATALOG_COMPILER_GLOBAL_ACCENT_COLOR_NAME = AccentColor;
				CODE_SIGN_STYLE = Automatic;
				CURRENT_PROJECT_VERSION = 1;
				GENERATE_INFOPLIST_FILE = YES;
				INFOPLIST_FILE = UMC_Week2/Info.plist;
				INFOPLIST_KEY_UIApplicationSupportsIndirectInputEvents = YES;
				INFOPLIST_KEY_UILaunchStoryboardName = LaunchScreen;
				INFOPLIST_KEY_UIMainStoryboardFile = Main;
				INFOPLIST_KEY_UISupportedInterfaceOrientations_iPad = "UIInterfaceOrientationPortrait UIInterfaceOrientationPortraitUpsideDown UIInterfaceOrientationLandscapeLeft UIInterfaceOrientationLandscapeRight";
				INFOPLIST_KEY_UISupportedInterfaceOrientations_iPhone = "UIInterfaceOrientationPortrait UIInterfaceOrientationLandscapeLeft UIInterfaceOrientationLandscapeRight";
				LD_RUNPATH_SEARCH_PATHS = (
					"$(inherited)",
					"@executable_path/Frameworks",
				);
				MARKETING_VERSION = 1.0;
				PRODUCT_BUNDLE_IDENTIFIER = "dbstjd.UMC-Week2";
				PRODUCT_NAME = "$(TARGET_NAME)";
				SWIFT_EMIT_LOC_STRINGS = YES;
				SWIFT_VERSION = 5.0;
				TARGETED_DEVICE_FAMILY = "1,2";
			};
			name = Debug;
		};
		742BC3732BC8EE0E00AD128B /* Release */ = {
			isa = XCBuildConfiguration;
			buildSettings = {
				ASSETCATALOG_COMPILER_APPICON_NAME = AppIcon;
				ASSETCATALOG_COMPILER_GLOBAL_ACCENT_COLOR_NAME = AccentColor;
				CODE_SIGN_STYLE = Automatic;
				CURRENT_PROJECT_VERSION = 1;
				GENERATE_INFOPLIST_FILE = YES;
				INFOPLIST_FILE = UMC_Week2/Info.plist;
				INFOPLIST_KEY_UIApplicationSupportsIndirectInputEvents = YES;
				INFOPLIST_KEY_UILaunchStoryboardName = LaunchScreen;
				INFOPLIST_KEY_UIMainStoryboardFile = Main;
				INFOPLIST_KEY_UISupportedInterfaceOrientations_iPad = "UIInterfaceOrientationPortrait UIInterfaceOrientationPortraitUpsideDown UIInterfaceOrientationLandscapeLeft UIInterfaceOrientationLandscapeRight";
				INFOPLIST_KEY_UISupportedInterfaceOrientations_iPhone = "UIInterfaceOrientationPortrait UIInterfaceOrientationLandscapeLeft UIInterfaceOrientationLandscapeRight";
				LD_RUNPATH_SEARCH_PATHS = (
					"$(inherited)",
					"@executable_path/Frameworks",
				);
				MARKETING_VERSION = 1.0;
				PRODUCT_BUNDLE_IDENTIFIER = "dbstjd.UMC-Week2";
				PRODUCT_NAME = "$(TARGET_NAME)";
				SWIFT_EMIT_LOC_STRINGS = YES;
				SWIFT_VERSION = 5.0;
				TARGETED_DEVICE_FAMILY = "1,2";
			};
			name = Release;
		};
		742BC3752BC8EE0E00AD128B /* Debug */ = {
			isa = XCBuildConfiguration;
			buildSettings = {
				ALWAYS_EMBED_SWIFT_STANDARD_LIBRARIES = YES;
				BUNDLE_LOADER = "$(TEST_HOST)";
				CODE_SIGN_STYLE = Automatic;
				CURRENT_PROJECT_VERSION = 1;
				GENERATE_INFOPLIST_FILE = YES;
				IPHONEOS_DEPLOYMENT_TARGET = 17.4;
				MARKETING_VERSION = 1.0;
				PRODUCT_BUNDLE_IDENTIFIER = "dbstjd.UMC-Week2Tests";
				PRODUCT_NAME = "$(TARGET_NAME)";
				SWIFT_EMIT_LOC_STRINGS = NO;
				SWIFT_VERSION = 5.0;
				TARGETED_DEVICE_FAMILY = "1,2";
				TEST_HOST = "$(BUILT_PRODUCTS_DIR)/UMC_Week2.app/$(BUNDLE_EXECUTABLE_FOLDER_PATH)/UMC_Week2";
			};
			name = Debug;
		};
		742BC3762BC8EE0E00AD128B /* Release */ = {
			isa = XCBuildConfiguration;
			buildSettings = {
				ALWAYS_EMBED_SWIFT_STANDARD_LIBRARIES = YES;
				BUNDLE_LOADER = "$(TEST_HOST)";
				CODE_SIGN_STYLE = Automatic;
				CURRENT_PROJECT_VERSION = 1;
				GENERATE_INFOPLIST_FILE = YES;
				IPHONEOS_DEPLOYMENT_TARGET = 17.4;
				MARKETING_VERSION = 1.0;
				PRODUCT_BUNDLE_IDENTIFIER = "dbstjd.UMC-Week2Tests";
				PRODUCT_NAME = "$(TARGET_NAME)";
				SWIFT_EMIT_LOC_STRINGS = NO;
				SWIFT_VERSION = 5.0;
				TARGETED_DEVICE_FAMILY = "1,2";
				TEST_HOST = "$(BUILT_PRODUCTS_DIR)/UMC_Week2.app/$(BUNDLE_EXECUTABLE_FOLDER_PATH)/UMC_Week2";
			};
			name = Release;
		};
		742BC3782BC8EE0E00AD128B /* Debug */ = {
			isa = XCBuildConfiguration;
			buildSettings = {
				ALWAYS_EMBED_SWIFT_STANDARD_LIBRARIES = YES;
				CODE_SIGN_STYLE = Automatic;
				CURRENT_PROJECT_VERSION = 1;
				GENERATE_INFOPLIST_FILE = YES;
				MARKETING_VERSION = 1.0;
				PRODUCT_BUNDLE_IDENTIFIER = "dbstjd.UMC-Week2UITests";
				PRODUCT_NAME = "$(TARGET_NAME)";
				SWIFT_EMIT_LOC_STRINGS = NO;
				SWIFT_VERSION = 5.0;
				TARGETED_DEVICE_FAMILY = "1,2";
				TEST_TARGET_NAME = UMC_Week2;
			};
			name = Debug;
		};
		742BC3792BC8EE0E00AD128B /* Release */ = {
			isa = XCBuildConfiguration;
			buildSettings = {
				ALWAYS_EMBED_SWIFT_STANDARD_LIBRARIES = YES;
				CODE_SIGN_STYLE = Automatic;
				CURRENT_PROJECT_VERSION = 1;
				GENERATE_INFOPLIST_FILE = YES;
				MARKETING_VERSION = 1.0;
				PRODUCT_BUNDLE_IDENTIFIER = "dbstjd.UMC-Week2UITests";
				PRODUCT_NAME = "$(TARGET_NAME)";
				SWIFT_EMIT_LOC_STRINGS = NO;
				SWIFT_VERSION = 5.0;
				TARGETED_DEVICE_FAMILY = "1,2";
				TEST_TARGET_NAME = UMC_Week2;
			};
			name = Release;
		};
/* End XCBuildConfiguration section */

/* Begin XCConfigurationList section */
		742BC3422BC8EE0C00AD128B /* Build configuration list for PBXProject "UMC_Week2" */ = {
			isa = XCConfigurationList;
			buildConfigurations = (
				742BC36F2BC8EE0E00AD128B /* Debug */,
				742BC3702BC8EE0E00AD128B /* Release */,
			);
			defaultConfigurationIsVisible = 0;
			defaultConfigurationName = Release;
		};
		742BC3712BC8EE0E00AD128B /* Build configuration list for PBXNativeTarget "UMC_Week2" */ = {
			isa = XCConfigurationList;
			buildConfigurations = (
				742BC3722BC8EE0E00AD128B /* Debug */,
				742BC3732BC8EE0E00AD128B /* Release */,
			);
			defaultConfigurationIsVisible = 0;
			defaultConfigurationName = Release;
		};
		742BC3742BC8EE0E00AD128B /* Build configuration list for PBXNativeTarget "UMC_Week2Tests" */ = {
			isa = XCConfigurationList;
			buildConfigurations = (
				742BC3752BC8EE0E00AD128B /* Debug */,
				742BC3762BC8EE0E00AD128B /* Release */,
			);
			defaultConfigurationIsVisible = 0;
			defaultConfigurationName = Release;
		};
		742BC3772BC8EE0E00AD128B /* Build configuration list for PBXNativeTarget "UMC_Week2UITests" */ = {
			isa = XCConfigurationList;
			buildConfigurations = (
				742BC3782BC8EE0E00AD128B /* Debug */,
				742BC3792BC8EE0E00AD128B /* Release */,
			);
			defaultConfigurationIsVisible = 0;
			defaultConfigurationName = Release;
		};
/* End XCConfigurationList section */
	};
	rootObject = 742BC33F2BC8EE0C00AD128B /* Project object */;
}
