// !$*UTF8*$!
{
	archiveVersion = 1;
	classes = {
	};
	objectVersion = 56;
	objects = {

/* Begin PBXBuildFile section */
		7469885C2C0ECF0A00E86966 /* AppDelegate.swift in Sources */ = {isa = PBXBuildFile; fileRef = 7469885B2C0ECF0A00E86966 /* AppDelegate.swift */; };
		7469885E2C0ECF0A00E86966 /* SceneDelegate.swift in Sources */ = {isa = PBXBuildFile; fileRef = 7469885D2C0ECF0A00E86966 /* SceneDelegate.swift */; };
		746988602C0ECF0A00E86966 /* ViewController.swift in Sources */ = {isa = PBXBuildFile; fileRef = 7469885F2C0ECF0A00E86966 /* ViewController.swift */; };
		746988632C0ECF0A00E86966 /* Base in Resources */ = {isa = PBXBuildFile; fileRef = 746988622C0ECF0A00E86966 /* Base */; };
		746988652C0ECF0B00E86966 /* Assets.xcassets in Resources */ = {isa = PBXBuildFile; fileRef = 746988642C0ECF0B00E86966 /* Assets.xcassets */; };
		746988682C0ECF0B00E86966 /* Base in Resources */ = {isa = PBXBuildFile; fileRef = 746988672C0ECF0B00E86966 /* Base */; };
		746988732C0ECF0C00E86966 /* UMC_Week8Tests.swift in Sources */ = {isa = PBXBuildFile; fileRef = 746988722C0ECF0C00E86966 /* UMC_Week8Tests.swift */; };
		7469887D2C0ECF0C00E86966 /* UMC_Week8UITests.swift in Sources */ = {isa = PBXBuildFile; fileRef = 7469887C2C0ECF0C00E86966 /* UMC_Week8UITests.swift */; };
		7469887F2C0ECF0C00E86966 /* UMC_Week8UITestsLaunchTests.swift in Sources */ = {isa = PBXBuildFile; fileRef = 7469887E2C0ECF0C00E86966 /* UMC_Week8UITestsLaunchTests.swift */; };
/* End PBXBuildFile section */

/* Begin PBXContainerItemProxy section */
		7469886F2C0ECF0C00E86966 /* PBXContainerItemProxy */ = {
			isa = PBXContainerItemProxy;
			containerPortal = 746988502C0ECF0900E86966 /* Project object */;
			proxyType = 1;
			remoteGlobalIDString = 746988572C0ECF0A00E86966;
			remoteInfo = UMC_Week8;
		};
		746988792C0ECF0C00E86966 /* PBXContainerItemProxy */ = {
			isa = PBXContainerItemProxy;
			containerPortal = 746988502C0ECF0900E86966 /* Project object */;
			proxyType = 1;
			remoteGlobalIDString = 746988572C0ECF0A00E86966;
			remoteInfo = UMC_Week8;
		};
/* End PBXContainerItemProxy section */

/* Begin PBXFileReference section */
		746988582C0ECF0A00E86966 /* UMC_Week8.app */ = {isa = PBXFileReference; explicitFileType = wrapper.application; includeInIndex = 0; path = UMC_Week8.app; sourceTree = BUILT_PRODUCTS_DIR; };
		7469885B2C0ECF0A00E86966 /* AppDelegate.swift */ = {isa = PBXFileReference; lastKnownFileType = sourcecode.swift; path = AppDelegate.swift; sourceTree = "<group>"; };
		7469885D2C0ECF0A00E86966 /* SceneDelegate.swift */ = {isa = PBXFileReference; lastKnownFileType = sourcecode.swift; path = SceneDelegate.swift; sourceTree = "<group>"; };
		7469885F2C0ECF0A00E86966 /* ViewController.swift */ = {isa = PBXFileReference; lastKnownFileType = sourcecode.swift; path = ViewController.swift; sourceTree = "<group>"; };
		746988622C0ECF0A00E86966 /* Base */ = {isa = PBXFileReference; lastKnownFileType = file.storyboard; name = Base; path = Base.lproj/Main.storyboard; sourceTree = "<group>"; };
		746988642C0ECF0B00E86966 /* Assets.xcassets */ = {isa = PBXFileReference; lastKnownFileType = folder.assetcatalog; path = Assets.xcassets; sourceTree = "<group>"; };
		746988672C0ECF0B00E86966 /* Base */ = {isa = PBXFileReference; lastKnownFileType = file.storyboard; name = Base; path = Base.lproj/LaunchScreen.storyboard; sourceTree = "<group>"; };
		746988692C0ECF0B00E86966 /* Info.plist */ = {isa = PBXFileReference; lastKnownFileType = text.plist.xml; path = Info.plist; sourceTree = "<group>"; };
		7469886E2C0ECF0C00E86966 /* UMC_Week8Tests.xctest */ = {isa = PBXFileReference; explicitFileType = wrapper.cfbundle; includeInIndex = 0; path = UMC_Week8Tests.xctest; sourceTree = BUILT_PRODUCTS_DIR; };
		746988722C0ECF0C00E86966 /* UMC_Week8Tests.swift */ = {isa = PBXFileReference; lastKnownFileType = sourcecode.swift; path = UMC_Week8Tests.swift; sourceTree = "<group>"; };
		746988782C0ECF0C00E86966 /* UMC_Week8UITests.xctest */ = {isa = PBXFileReference; explicitFileType = wrapper.cfbundle; includeInIndex = 0; path = UMC_Week8UITests.xctest; sourceTree = BUILT_PRODUCTS_DIR; };
		7469887C2C0ECF0C00E86966 /* UMC_Week8UITests.swift */ = {isa = PBXFileReference; lastKnownFileType = sourcecode.swift; path = UMC_Week8UITests.swift; sourceTree = "<group>"; };
		7469887E2C0ECF0C00E86966 /* UMC_Week8UITestsLaunchTests.swift */ = {isa = PBXFileReference; lastKnownFileType = sourcecode.swift; path = UMC_Week8UITestsLaunchTests.swift; sourceTree = "<group>"; };
/* End PBXFileReference section */

/* Begin PBXFrameworksBuildPhase section */
		746988552C0ECF0A00E86966 /* Frameworks */ = {
			isa = PBXFrameworksBuildPhase;
			buildActionMask = 2147483647;
			files = (
			);
			runOnlyForDeploymentPostprocessing = 0;
		};
		7469886B2C0ECF0C00E86966 /* Frameworks */ = {
			isa = PBXFrameworksBuildPhase;
			buildActionMask = 2147483647;
			files = (
			);
			runOnlyForDeploymentPostprocessing = 0;
		};
		746988752C0ECF0C00E86966 /* Frameworks */ = {
			isa = PBXFrameworksBuildPhase;
			buildActionMask = 2147483647;
			files = (
			);
			runOnlyForDeploymentPostprocessing = 0;
		};
/* End PBXFrameworksBuildPhase section */

/* Begin PBXGroup section */
		7469884F2C0ECF0900E86966 = {
			isa = PBXGroup;
			children = (
				7469885A2C0ECF0A00E86966 /* UMC_Week8 */,
				746988712C0ECF0C00E86966 /* UMC_Week8Tests */,
				7469887B2C0ECF0C00E86966 /* UMC_Week8UITests */,
				746988592C0ECF0A00E86966 /* Products */,
			);
			sourceTree = "<group>";
		};
		746988592C0ECF0A00E86966 /* Products */ = {
			isa = PBXGroup;
			children = (
				746988582C0ECF0A00E86966 /* UMC_Week8.app */,
				7469886E2C0ECF0C00E86966 /* UMC_Week8Tests.xctest */,
				746988782C0ECF0C00E86966 /* UMC_Week8UITests.xctest */,
			);
			name = Products;
			sourceTree = "<group>";
		};
		7469885A2C0ECF0A00E86966 /* UMC_Week8 */ = {
			isa = PBXGroup;
			children = (
				7469885B2C0ECF0A00E86966 /* AppDelegate.swift */,
				7469885D2C0ECF0A00E86966 /* SceneDelegate.swift */,
				7469885F2C0ECF0A00E86966 /* ViewController.swift */,
				746988612C0ECF0A00E86966 /* Main.storyboard */,
				746988642C0ECF0B00E86966 /* Assets.xcassets */,
				746988662C0ECF0B00E86966 /* LaunchScreen.storyboard */,
				746988692C0ECF0B00E86966 /* Info.plist */,
			);
			path = UMC_Week8;
			sourceTree = "<group>";
		};
		746988712C0ECF0C00E86966 /* UMC_Week8Tests */ = {
			isa = PBXGroup;
			children = (
				746988722C0ECF0C00E86966 /* UMC_Week8Tests.swift */,
			);
			path = UMC_Week8Tests;
			sourceTree = "<group>";
		};
		7469887B2C0ECF0C00E86966 /* UMC_Week8UITests */ = {
			isa = PBXGroup;
			children = (
				7469887C2C0ECF0C00E86966 /* UMC_Week8UITests.swift */,
				7469887E2C0ECF0C00E86966 /* UMC_Week8UITestsLaunchTests.swift */,
			);
			path = UMC_Week8UITests;
			sourceTree = "<group>";
		};
/* End PBXGroup section */

/* Begin PBXNativeTarget section */
		746988572C0ECF0A00E86966 /* UMC_Week8 */ = {
			isa = PBXNativeTarget;
			buildConfigurationList = 746988822C0ECF0C00E86966 /* Build configuration list for PBXNativeTarget "UMC_Week8" */;
			buildPhases = (
				746988542C0ECF0A00E86966 /* Sources */,
				746988552C0ECF0A00E86966 /* Frameworks */,
				746988562C0ECF0A00E86966 /* Resources */,
			);
			buildRules = (
			);
			dependencies = (
			);
			name = UMC_Week8;
			productName = UMC_Week8;
			productReference = 746988582C0ECF0A00E86966 /* UMC_Week8.app */;
			productType = "com.apple.product-type.application";
		};
		7469886D2C0ECF0C00E86966 /* UMC_Week8Tests */ = {
			isa = PBXNativeTarget;
			buildConfigurationList = 746988852C0ECF0C00E86966 /* Build configuration list for PBXNativeTarget "UMC_Week8Tests" */;
			buildPhases = (
				7469886A2C0ECF0C00E86966 /* Sources */,
				7469886B2C0ECF0C00E86966 /* Frameworks */,
				7469886C2C0ECF0C00E86966 /* Resources */,
			);
			buildRules = (
			);
			dependencies = (
				746988702C0ECF0C00E86966 /* PBXTargetDependency */,
			);
			name = UMC_Week8Tests;
			productName = UMC_Week8Tests;
			productReference = 7469886E2C0ECF0C00E86966 /* UMC_Week8Tests.xctest */;
			productType = "com.apple.product-type.bundle.unit-test";
		};
		746988772C0ECF0C00E86966 /* UMC_Week8UITests */ = {
			isa = PBXNativeTarget;
			buildConfigurationList = 746988882C0ECF0C00E86966 /* Build configuration list for PBXNativeTarget "UMC_Week8UITests" */;
			buildPhases = (
				746988742C0ECF0C00E86966 /* Sources */,
				746988752C0ECF0C00E86966 /* Frameworks */,
				746988762C0ECF0C00E86966 /* Resources */,
			);
			buildRules = (
			);
			dependencies = (
				7469887A2C0ECF0C00E86966 /* PBXTargetDependency */,
			);
			name = UMC_Week8UITests;
			productName = UMC_Week8UITests;
			productReference = 746988782C0ECF0C00E86966 /* UMC_Week8UITests.xctest */;
			productType = "com.apple.product-type.bundle.ui-testing";
		};
/* End PBXNativeTarget section */

/* Begin PBXProject section */
		746988502C0ECF0900E86966 /* Project object */ = {
			isa = PBXProject;
			attributes = {
				BuildIndependentTargetsInParallel = 1;
				LastSwiftUpdateCheck = 1530;
				LastUpgradeCheck = 1530;
				TargetAttributes = {
					746988572C0ECF0A00E86966 = {
						CreatedOnToolsVersion = 15.3;
					};
					7469886D2C0ECF0C00E86966 = {
						CreatedOnToolsVersion = 15.3;
						TestTargetID = 746988572C0ECF0A00E86966;
					};
					746988772C0ECF0C00E86966 = {
						CreatedOnToolsVersion = 15.3;
						TestTargetID = 746988572C0ECF0A00E86966;
					};
				};
			};
			buildConfigurationList = 746988532C0ECF0900E86966 /* Build configuration list for PBXProject "UMC_Week8" */;
			compatibilityVersion = "Xcode 14.0";
			developmentRegion = en;
			hasScannedForEncodings = 0;
			knownRegions = (
				en,
				Base,
			);
			mainGroup = 7469884F2C0ECF0900E86966;
			productRefGroup = 746988592C0ECF0A00E86966 /* Products */;
			projectDirPath = "";
			projectRoot = "";
			targets = (
				746988572C0ECF0A00E86966 /* UMC_Week8 */,
				7469886D2C0ECF0C00E86966 /* UMC_Week8Tests */,
				746988772C0ECF0C00E86966 /* UMC_Week8UITests */,
			);
		};
/* End PBXProject section */

/* Begin PBXResourcesBuildPhase section */
		746988562C0ECF0A00E86966 /* Resources */ = {
			isa = PBXResourcesBuildPhase;
			buildActionMask = 2147483647;
			files = (
				746988652C0ECF0B00E86966 /* Assets.xcassets in Resources */,
				746988682C0ECF0B00E86966 /* Base in Resources */,
				746988632C0ECF0A00E86966 /* Base in Resources */,
			);
			runOnlyForDeploymentPostprocessing = 0;
		};
		7469886C2C0ECF0C00E86966 /* Resources */ = {
			isa = PBXResourcesBuildPhase;
			buildActionMask = 2147483647;
			files = (
			);
			runOnlyForDeploymentPostprocessing = 0;
		};
		746988762C0ECF0C00E86966 /* Resources */ = {
			isa = PBXResourcesBuildPhase;
			buildActionMask = 2147483647;
			files = (
			);
			runOnlyForDeploymentPostprocessing = 0;
		};
/* End PBXResourcesBuildPhase section */

/* Begin PBXSourcesBuildPhase section */
		746988542C0ECF0A00E86966 /* Sources */ = {
			isa = PBXSourcesBuildPhase;
			buildActionMask = 2147483647;
			files = (
				746988602C0ECF0A00E86966 /* ViewController.swift in Sources */,
				7469885C2C0ECF0A00E86966 /* AppDelegate.swift in Sources */,
				7469885E2C0ECF0A00E86966 /* SceneDelegate.swift in Sources */,
			);
			runOnlyForDeploymentPostprocessing = 0;
		};
		7469886A2C0ECF0C00E86966 /* Sources */ = {
			isa = PBXSourcesBuildPhase;
			buildActionMask = 2147483647;
			files = (
				746988732C0ECF0C00E86966 /* UMC_Week8Tests.swift in Sources */,
			);
			runOnlyForDeploymentPostprocessing = 0;
		};
		746988742C0ECF0C00E86966 /* Sources */ = {
			isa = PBXSourcesBuildPhase;
			buildActionMask = 2147483647;
			files = (
				7469887D2C0ECF0C00E86966 /* UMC_Week8UITests.swift in Sources */,
				7469887F2C0ECF0C00E86966 /* UMC_Week8UITestsLaunchTests.swift in Sources */,
			);
			runOnlyForDeploymentPostprocessing = 0;
		};
/* End PBXSourcesBuildPhase section */

/* Begin PBXTargetDependency section */
		746988702C0ECF0C00E86966 /* PBXTargetDependency */ = {
			isa = PBXTargetDependency;
			target = 746988572C0ECF0A00E86966 /* UMC_Week8 */;
			targetProxy = 7469886F2C0ECF0C00E86966 /* PBXContainerItemProxy */;
		};
		7469887A2C0ECF0C00E86966 /* PBXTargetDependency */ = {
			isa = PBXTargetDependency;
			target = 746988572C0ECF0A00E86966 /* UMC_Week8 */;
			targetProxy = 746988792C0ECF0C00E86966 /* PBXContainerItemProxy */;
		};
/* End PBXTargetDependency section */

/* Begin PBXVariantGroup section */
		746988612C0ECF0A00E86966 /* Main.storyboard */ = {
			isa = PBXVariantGroup;
			children = (
				746988622C0ECF0A00E86966 /* Base */,
			);
			name = Main.storyboard;
			sourceTree = "<group>";
		};
		746988662C0ECF0B00E86966 /* LaunchScreen.storyboard */ = {
			isa = PBXVariantGroup;
			children = (
				746988672C0ECF0B00E86966 /* Base */,
			);
			name = LaunchScreen.storyboard;
			sourceTree = "<group>";
		};
/* End PBXVariantGroup section */

/* Begin XCBuildConfiguration section */
		746988802C0ECF0C00E86966 /* Debug */ = {
			isa = XCBuildConfiguration;
			buildSettings = {
				ALWAYS_SEARCH_USER_PATHS = NO;
				ASSETCATALOG_COMPILER_GENERATE_SWIFT_ASSET_SYMBOL_EXTENSIONS = YES;
				CLANG_ANALYZER_NONNULL = YES;
				CLANG_ANALYZER_NUMBER_OBJECT_CONVERSION = YES_AGGRESSIVE;
				CLANG_CXX_LANGUAGE_STANDARD = "gnu++20";
				CLANG_ENABLE_MODULES = YES;
				CLANG_ENABLE_OBJC_ARC = YES;
				CLANG_ENABLE_OBJC_WEAK = YES;
				CLANG_WARN_BLOCK_CAPTURE_AUTORELEASING = YES;
				CLANG_WARN_BOOL_CONVERSION = YES;
				CLANG_WARN_COMMA = YES;
				CLANG_WARN_CONSTANT_CONVERSION = YES;
				CLANG_WARN_DEPRECATED_OBJC_IMPLEMENTATIONS = YES;
				CLANG_WARN_DIRECT_OBJC_ISA_USAGE = YES_ERROR;
				CLANG_WARN_DOCUMENTATION_COMMENTS = YES;
				CLANG_WARN_EMPTY_BODY = YES;
				CLANG_WARN_ENUM_CONVERSION = YES;
				CLANG_WARN_INFINITE_RECURSION = YES;
				CLANG_WARN_INT_CONVERSION = YES;
				CLANG_WARN_NON_LITERAL_NULL_CONVERSION = YES;
				CLANG_WARN_OBJC_IMPLICIT_RETAIN_SELF = YES;
				CLANG_WARN_OBJC_LITERAL_CONVERSION = YES;
				CLANG_WARN_OBJC_ROOT_CLASS = YES_ERROR;
				CLANG_WARN_QUOTED_INCLUDE_IN_FRAMEWORK_HEADER = YES;
				CLANG_WARN_RANGE_LOOP_ANALYSIS = YES;
				CLANG_WARN_STRICT_PROTOTYPES = YES;
				CLANG_WARN_SUSPICIOUS_MOVE = YES;
				CLANG_WARN_UNGUARDED_AVAILABILITY = YES_AGGRESSIVE;
				CLANG_WARN_UNREACHABLE_CODE = YES;
				CLANG_WARN__DUPLICATE_METHOD_MATCH = YES;
				COPY_PHASE_STRIP = NO;
				DEBUG_INFORMATION_FORMAT = dwarf;
				ENABLE_STRICT_OBJC_MSGSEND = YES;
				ENABLE_TESTABILITY = YES;
				ENABLE_USER_SCRIPT_SANDBOXING = YES;
				GCC_C_LANGUAGE_STANDARD = gnu17;
				GCC_DYNAMIC_NO_PIC = NO;
				GCC_NO_COMMON_BLOCKS = YES;
				GCC_OPTIMIZATION_LEVEL = 0;
				GCC_PREPROCESSOR_DEFINITIONS = (
					"DEBUG=1",
					"$(inherited)",
				);
				GCC_WARN_64_TO_32_BIT_CONVERSION = YES;
				GCC_WARN_ABOUT_RETURN_TYPE = YES_ERROR;
				GCC_WARN_UNDECLARED_SELECTOR = YES;
				GCC_WARN_UNINITIALIZED_AUTOS = YES_AGGRESSIVE;
				GCC_WARN_UNUSED_FUNCTION = YES;
				GCC_WARN_UNUSED_VARIABLE = YES;
				IPHONEOS_DEPLOYMENT_TARGET = 17.4;
				LOCALIZATION_PREFERS_STRING_CATALOGS = YES;
				MTL_ENABLE_DEBUG_INFO = INCLUDE_SOURCE;
				MTL_FAST_MATH = YES;
				ONLY_ACTIVE_ARCH = YES;
				SDKROOT = iphoneos;
				SWIFT_ACTIVE_COMPILATION_CONDITIONS = "DEBUG $(inherited)";
				SWIFT_OPTIMIZATION_LEVEL = "-Onone";
			};
			name = Debug;
		};
		746988812C0ECF0C00E86966 /* Release */ = {
			isa = XCBuildConfiguration;
			buildSettings = {
				ALWAYS_SEARCH_USER_PATHS = NO;
				ASSETCATALOG_COMPILER_GENERATE_SWIFT_ASSET_SYMBOL_EXTENSIONS = YES;
				CLANG_ANALYZER_NONNULL = YES;
				CLANG_ANALYZER_NUMBER_OBJECT_CONVERSION = YES_AGGRESSIVE;
				CLANG_CXX_LANGUAGE_STANDARD = "gnu++20";
				CLANG_ENABLE_MODULES = YES;
				CLANG_ENABLE_OBJC_ARC = YES;
				CLANG_ENABLE_OBJC_WEAK = YES;
				CLANG_WARN_BLOCK_CAPTURE_AUTORELEASING = YES;
				CLANG_WARN_BOOL_CONVERSION = YES;
				CLANG_WARN_COMMA = YES;
				CLANG_WARN_CONSTANT_CONVERSION = YES;
				CLANG_WARN_DEPRECATED_OBJC_IMPLEMENTATIONS = YES;
				CLANG_WARN_DIRECT_OBJC_ISA_USAGE = YES_ERROR;
				CLANG_WARN_DOCUMENTATION_COMMENTS = YES;
				CLANG_WARN_EMPTY_BODY = YES;
				CLANG_WARN_ENUM_CONVERSION = YES;
				CLANG_WARN_INFINITE_RECURSION = YES;
				CLANG_WARN_INT_CONVERSION = YES;
				CLANG_WARN_NON_LITERAL_NULL_CONVERSION = YES;
				CLANG_WARN_OBJC_IMPLICIT_RETAIN_SELF = YES;
				CLANG_WARN_OBJC_LITERAL_CONVERSION = YES;
				CLANG_WARN_OBJC_ROOT_CLASS = YES_ERROR;
				CLANG_WARN_QUOTED_INCLUDE_IN_FRAMEWORK_HEADER = YES;
				CLANG_WARN_RANGE_LOOP_ANALYSIS = YES;
				CLANG_WARN_STRICT_PROTOTYPES = YES;
				CLANG_WARN_SUSPICIOUS_MOVE = YES;
				CLANG_WARN_UNGUARDED_AVAILABILITY = YES_AGGRESSIVE;
				CLANG_WARN_UNREACHABLE_CODE = YES;
				CLANG_WARN__DUPLICATE_METHOD_MATCH = YES;
				COPY_PHASE_STRIP = NO;
				DEBUG_INFORMATION_FORMAT = "dwarf-with-dsym";
				ENABLE_NS_ASSERTIONS = NO;
				ENABLE_STRICT_OBJC_MSGSEND = YES;
				ENABLE_USER_SCRIPT_SANDBOXING = YES;
				GCC_C_LANGUAGE_STANDARD = gnu17;
				GCC_NO_COMMON_BLOCKS = YES;
				GCC_WARN_64_TO_32_BIT_CONVERSION = YES;
				GCC_WARN_ABOUT_RETURN_TYPE = YES_ERROR;
				GCC_WARN_UNDECLARED_SELECTOR = YES;
				GCC_WARN_UNINITIALIZED_AUTOS = YES_AGGRESSIVE;
				GCC_WARN_UNUSED_FUNCTION = YES;
				GCC_WARN_UNUSED_VARIABLE = YES;
				IPHONEOS_DEPLOYMENT_TARGET = 17.4;
				LOCALIZATION_PREFERS_STRING_CATALOGS = YES;
				MTL_ENABLE_DEBUG_INFO = NO;
				MTL_FAST_MATH = YES;
				SDKROOT = iphoneos;
				SWIFT_COMPILATION_MODE = wholemodule;
				VALIDATE_PRODUCT = YES;
			};
			name = Release;
		};
		746988832C0ECF0C00E86966 /* Debug */ = {
			isa = XCBuildConfiguration;
			buildSettings = {
				ASSETCATALOG_COMPILER_APPICON_NAME = AppIcon;
				ASSETCATALOG_COMPILER_GLOBAL_ACCENT_COLOR_NAME = AccentColor;
				CODE_SIGN_STYLE = Automatic;
				CURRENT_PROJECT_VERSION = 1;
				GENERATE_INFOPLIST_FILE = YES;
				INFOPLIST_FILE = UMC_Week8/Info.plist;
				INFOPLIST_KEY_UIApplicationSupportsIndirectInputEvents = YES;
				INFOPLIST_KEY_UILaunchStoryboardName = LaunchScreen;
				INFOPLIST_KEY_UIMainStoryboardFile = Main;
				INFOPLIST_KEY_UISupportedInterfaceOrientations_iPad = "UIInterfaceOrientationPortrait UIInterfaceOrientationPortraitUpsideDown UIInterfaceOrientationLandscapeLeft UIInterfaceOrientationLandscapeRight";
				INFOPLIST_KEY_UISupportedInterfaceOrientations_iPhone = "UIInterfaceOrientationPortrait UIInterfaceOrientationLandscapeLeft UIInterfaceOrientationLandscapeRight";
				LD_RUNPATH_SEARCH_PATHS = (
					"$(inherited)",
					"@executable_path/Frameworks",
				);
				MARKETING_VERSION = 1.0;
				PRODUCT_BUNDLE_IDENTIFIER = "dbstjd.UMC-Week8";
				PRODUCT_NAME = "$(TARGET_NAME)";
				SWIFT_EMIT_LOC_STRINGS = YES;
				SWIFT_VERSION = 5.0;
				TARGETED_DEVICE_FAMILY = "1,2";
			};
			name = Debug;
		};
		746988842C0ECF0C00E86966 /* Release */ = {
			isa = XCBuildConfiguration;
			buildSettings = {
				ASSETCATALOG_COMPILER_APPICON_NAME = AppIcon;
				ASSETCATALOG_COMPILER_GLOBAL_ACCENT_COLOR_NAME = AccentColor;
				CODE_SIGN_STYLE = Automatic;
				CURRENT_PROJECT_VERSION = 1;
				GENERATE_INFOPLIST_FILE = YES;
				INFOPLIST_FILE = UMC_Week8/Info.plist;
				INFOPLIST_KEY_UIApplicationSupportsIndirectInputEvents = YES;
				INFOPLIST_KEY_UILaunchStoryboardName = LaunchScreen;
				INFOPLIST_KEY_UIMainStoryboardFile = Main;
				INFOPLIST_KEY_UISupportedInterfaceOrientations_iPad = "UIInterfaceOrientationPortrait UIInterfaceOrientationPortraitUpsideDown UIInterfaceOrientationLandscapeLeft UIInterfaceOrientationLandscapeRight";
				INFOPLIST_KEY_UISupportedInterfaceOrientations_iPhone = "UIInterfaceOrientationPortrait UIInterfaceOrientationLandscapeLeft UIInterfaceOrientationLandscapeRight";
				LD_RUNPATH_SEARCH_PATHS = (
					"$(inherited)",
					"@executable_path/Frameworks",
				);
				MARKETING_VERSION = 1.0;
				PRODUCT_BUNDLE_IDENTIFIER = "dbstjd.UMC-Week8";
				PRODUCT_NAME = "$(TARGET_NAME)";
				SWIFT_EMIT_LOC_STRINGS = YES;
				SWIFT_VERSION = 5.0;
				TARGETED_DEVICE_FAMILY = "1,2";
			};
			name = Release;
		};
		746988862C0ECF0C00E86966 /* Debug */ = {
			isa = XCBuildConfiguration;
			buildSettings = {
				ALWAYS_EMBED_SWIFT_STANDARD_LIBRARIES = YES;
				BUNDLE_LOADER = "$(TEST_HOST)";
				CODE_SIGN_STYLE = Automatic;
				CURRENT_PROJECT_VERSION = 1;
				GENERATE_INFOPLIST_FILE = YES;
				IPHONEOS_DEPLOYMENT_TARGET = 17.4;
				MARKETING_VERSION = 1.0;
				PRODUCT_BUNDLE_IDENTIFIER = "dbstjd.UMC-Week8Tests";
				PRODUCT_NAME = "$(TARGET_NAME)";
				SWIFT_EMIT_LOC_STRINGS = NO;
				SWIFT_VERSION = 5.0;
				TARGETED_DEVICE_FAMILY = "1,2";
				TEST_HOST = "$(BUILT_PRODUCTS_DIR)/UMC_Week8.app/$(BUNDLE_EXECUTABLE_FOLDER_PATH)/UMC_Week8";
			};
			name = Debug;
		};
		746988872C0ECF0C00E86966 /* Release */ = {
			isa = XCBuildConfiguration;
			buildSettings = {
				ALWAYS_EMBED_SWIFT_STANDARD_LIBRARIES = YES;
				BUNDLE_LOADER = "$(TEST_HOST)";
				CODE_SIGN_STYLE = Automatic;
				CURRENT_PROJECT_VERSION = 1;
				GENERATE_INFOPLIST_FILE = YES;
				IPHONEOS_DEPLOYMENT_TARGET = 17.4;
				MARKETING_VERSION = 1.0;
				PRODUCT_BUNDLE_IDENTIFIER = "dbstjd.UMC-Week8Tests";
				PRODUCT_NAME = "$(TARGET_NAME)";
				SWIFT_EMIT_LOC_STRINGS = NO;
				SWIFT_VERSION = 5.0;
				TARGETED_DEVICE_FAMILY = "1,2";
				TEST_HOST = "$(BUILT_PRODUCTS_DIR)/UMC_Week8.app/$(BUNDLE_EXECUTABLE_FOLDER_PATH)/UMC_Week8";
			};
			name = Release;
		};
		746988892C0ECF0C00E86966 /* Debug */ = {
			isa = XCBuildConfiguration;
			buildSettings = {
				ALWAYS_EMBED_SWIFT_STANDARD_LIBRARIES = YES;
				CODE_SIGN_STYLE = Automatic;
				CURRENT_PROJECT_VERSION = 1;
				GENERATE_INFOPLIST_FILE = YES;
				MARKETING_VERSION = 1.0;
				PRODUCT_BUNDLE_IDENTIFIER = "dbstjd.UMC-Week8UITests";
				PRODUCT_NAME = "$(TARGET_NAME)";
				SWIFT_EMIT_LOC_STRINGS = NO;
				SWIFT_VERSION = 5.0;
				TARGETED_DEVICE_FAMILY = "1,2";
				TEST_TARGET_NAME = UMC_Week8;
			};
			name = Debug;
		};
		7469888A2C0ECF0C00E86966 /* Release */ = {
			isa = XCBuildConfiguration;
			buildSettings = {
				ALWAYS_EMBED_SWIFT_STANDARD_LIBRARIES = YES;
				CODE_SIGN_STYLE = Automatic;
				CURRENT_PROJECT_VERSION = 1;
				GENERATE_INFOPLIST_FILE = YES;
				MARKETING_VERSION = 1.0;
				PRODUCT_BUNDLE_IDENTIFIER = "dbstjd.UMC-Week8UITests";
				PRODUCT_NAME = "$(TARGET_NAME)";
				SWIFT_EMIT_LOC_STRINGS = NO;
				SWIFT_VERSION = 5.0;
				TARGETED_DEVICE_FAMILY = "1,2";
				TEST_TARGET_NAME = UMC_Week8;
			};
			name = Release;
		};
/* End XCBuildConfiguration section */

/* Begin XCConfigurationList section */
		746988532C0ECF0900E86966 /* Build configuration list for PBXProject "UMC_Week8" */ = {
			isa = XCConfigurationList;
			buildConfigurations = (
				746988802C0ECF0C00E86966 /* Debug */,
				746988812C0ECF0C00E86966 /* Release */,
			);
			defaultConfigurationIsVisible = 0;
			defaultConfigurationName = Release;
		};
		746988822C0ECF0C00E86966 /* Build configuration list for PBXNativeTarget "UMC_Week8" */ = {
			isa = XCConfigurationList;
			buildConfigurations = (
				746988832C0ECF0C00E86966 /* Debug */,
				746988842C0ECF0C00E86966 /* Release */,
			);
			defaultConfigurationIsVisible = 0;
			defaultConfigurationName = Release;
		};
		746988852C0ECF0C00E86966 /* Build configuration list for PBXNativeTarget "UMC_Week8Tests" */ = {
			isa = XCConfigurationList;
			buildConfigurations = (
				746988862C0ECF0C00E86966 /* Debug */,
				746988872C0ECF0C00E86966 /* Release */,
			);
			defaultConfigurationIsVisible = 0;
			defaultConfigurationName = Release;
		};
		746988882C0ECF0C00E86966 /* Build configuration list for PBXNativeTarget "UMC_Week8UITests" */ = {
			isa = XCConfigurationList;
			buildConfigurations = (
				746988892C0ECF0C00E86966 /* Debug */,
				7469888A2C0ECF0C00E86966 /* Release */,
			);
			defaultConfigurationIsVisible = 0;
			defaultConfigurationName = Release;
		};
/* End XCConfigurationList section */
	};
	rootObject = 746988502C0ECF0900E86966 /* Project object */;
}
